
Microsoft Visual Studio Solution File, Format Version 12.00
# Visual Studio 15
VisualStudioVersion = 15.0.27130.2024
MinimumVisualStudioVersion = 10.0.40219.1
Project("{FAE04EC0-301F-11D3-BF4B-00C04F79EFBC}") = "ScavengerHunt", "ScavengerHunt\ScavengerHunt.csproj", "{020B6823-5EB3-431C-8966-F8F0A8F72AAA}"
EndProject
Global
	GlobalSection(SolutionConfigurationPlatforms) = preSolution
		Debug|Any CPU = Debug|Any CPU
		Release|Any CPU = Release|Any CPU
	EndGlobalSection
	GlobalSection(ProjectConfigurationPlatforms) = postSolution
		{020B6823-5EB3-431C-8966-F8F0A8F72AAA}.Debug|Any CPU.ActiveCfg = Debug|Any CPU
		{020B6823-5EB3-431C-8966-F8F0A8F72AAA}.Debug|Any CPU.Build.0 = Debug|Any CPU
		{020B6823-5EB3-431C-8966-F8F0A8F72AAA}.Release|Any CPU.ActiveCfg = Release|Any CPU
		{020B6823-5EB3-431C-8966-F8F0A8F72AAA}.Release|Any CPU.Build.0 = Release|Any CPU
	EndGlobalSection
	GlobalSection(SolutionProperties) = preSolution
		HideSolutionNode = FALSE
	EndGlobalSection
	GlobalSection(ExtensibilityGlobals) = postSolution
		SolutionGuid = {DE0AF053-2FA9-4D2F-B7A4-A046B74091C6}
	EndGlobalSection
EndGlobal
